
Microsoft Visual Studio Solution File, Format Version 12.00
# Visual Studio Version 17
VisualStudioVersion = 17.3.32611.2
MinimumVisualStudioVersion = 10.0.40219.1
Project("{FAE04EC0-301F-11D3-BF4B-00C04F79EFBC}") = "FYRO.Identity.Application", "FYRO.Identity.Application\FYRO.Identity.Application.csproj", "{DFA1AB16-F878-493E-9F22-D6BC35FE4E09}"
EndProject
Global
	GlobalSection(SolutionConfigurationPlatforms) = preSolution
		Debug|Any CPU = Debug|Any CPU
		Release|Any CPU = Release|Any CPU
	EndGlobalSection
	GlobalSection(ProjectConfigurationPlatforms) = postSolution
		{DFA1AB16-F878-493E-9F22-D6BC35FE4E09}.Debug|Any CPU.ActiveCfg = Debug|Any CPU
		{DFA1AB16-F878-493E-9F22-D6BC35FE4E09}.Debug|Any CPU.Build.0 = Debug|Any CPU
		{DFA1AB16-F878-493E-9F22-D6BC35FE4E09}.Release|Any CPU.ActiveCfg = Release|Any CPU
		{DFA1AB16-F878-493E-9F22-D6BC35FE4E09}.Release|Any CPU.Build.0 = Release|Any CPU
	EndGlobalSection
	GlobalSection(SolutionProperties) = preSolution
		HideSolutionNode = FALSE
	EndGlobalSection
	GlobalSection(ExtensibilityGlobals) = postSolution
		SolutionGuid = {EE01C351-ED65-488C-9EF5-6BC8EB6738F3}
	EndGlobalSection
EndGlobal
